Microsoft Visual Studio Solution File, Format Version 12.00
# Visual Studio Version 17
VisualStudioVersion = 17.5.2.0
MinimumVisualStudioVersion = 10.0.40219.1
Project("{FAE04EC0-301F-11D3-BF4B-00C04F79EFBC}") = "FM26Patcher", "FM26Patcher.csproj", "{1B273118-E356-0B42-E1A7-C5EC6705A737}"
EndProject
Global
	GlobalSection(SolutionConfigurationPlatforms) = preSolution
		Debug|Any CPU = Debug|Any CPU
		Release|Any CPU = Release|Any CPU
	EndGlobalSection
	GlobalSection(ProjectConfigurationPlatforms) = postSolution
		{1B273118-E356-0B42-E1A7-C5EC6705A737}.Debug|Any CPU.ActiveCfg = Debug|Any CPU
		{1B273118-E356-0B42-E1A7-C5EC6705A737}.Debug|Any CPU.Build.0 = Debug|Any CPU
		{1B273118-E356-0B42-E1A7-C5EC6705A737}.Release|Any CPU.ActiveCfg = Release|Any CPU
		{1B273118-E356-0B42-E1A7-C5EC6705A737}.Release|Any CPU.Build.0 = Release|Any CPU
	EndGlobalSection
	GlobalSection(SolutionProperties) = preSolution
		HideSolutionNode = FALSE
	EndGlobalSection
	GlobalSection(ExtensibilityGlobals) = postSolution
		SolutionGuid = {BA39E342-5CB4-4ABF-90F7-06A9CC31CAAB}
	EndGlobalSection
EndGlobal
